
Microsoft Visual Studio Solution File, Format Version 12.00
# Visual Studio Version 17
VisualStudioVersion = 17.9.34607.119
MinimumVisualStudioVersion = 10.0.40219.1
Project("{FAE04EC0-301F-11D3-BF4B-00C04F79EFBC}") = "Fox.WinForms.LightDarkForm", "Fox.WinForms.LightDarkForm\Fox.WinForms.LightDarkForm.csproj", "{A9FC0222-D89D-4662-AE6A-7ED330122A2B}"
EndProject
Project("{FAE04EC0-301F-11D3-BF4B-00C04F79EFBC}") = "Fox.WinForms.LightDarkForm.Test", "Fox.WinForms.LightDarkForm.Test\Fox.WinForms.LightDarkForm.Test.csproj", "{5198FB5F-0828-49FC-B742-30C562B600C4}"
EndProject
Global
	GlobalSection(SolutionConfigurationPlatforms) = preSolution
		Debug|Any CPU = Debug|Any CPU
		Release|Any CPU = Release|Any CPU
	EndGlobalSection
	GlobalSection(ProjectConfigurationPlatforms) = postSolution
		{A9FC0222-D89D-4662-AE6A-7ED330122A2B}.Debug|Any CPU.ActiveCfg = Debug|Any CPU
		{A9FC0222-D89D-4662-AE6A-7ED330122A2B}.Debug|Any CPU.Build.0 = Debug|Any CPU
		{A9FC0222-D89D-4662-AE6A-7ED330122A2B}.Release|Any CPU.ActiveCfg = Release|Any CPU
		{A9FC0222-D89D-4662-AE6A-7ED330122A2B}.Release|Any CPU.Build.0 = Release|Any CPU
		{5198FB5F-0828-49FC-B742-30C562B600C4}.Debug|Any CPU.ActiveCfg = Debug|Any CPU
		{5198FB5F-0828-49FC-B742-30C562B600C4}.Debug|Any CPU.Build.0 = Debug|Any CPU
		{5198FB5F-0828-49FC-B742-30C562B600C4}.Release|Any CPU.ActiveCfg = Release|Any CPU
		{5198FB5F-0828-49FC-B742-30C562B600C4}.Release|Any CPU.Build.0 = Release|Any CPU
	EndGlobalSection
	GlobalSection(SolutionProperties) = preSolution
		HideSolutionNode = FALSE
	EndGlobalSection
	GlobalSection(ExtensibilityGlobals) = postSolution
		SolutionGuid = {2CA9D4BC-C1F4-481D-87D6-A880441D4170}
	EndGlobalSection
EndGlobal
